# This file is automatically @generated by Cargo.
# It is not intended for manual editing.
version = 3

[[package]]
name = "bovidae"
version = "0.2.3"
source = "registry+https://github.com/rust-lang/crates.io-index"
checksum = "e1748a32ba3923568f17ac2ed3b72751c8a4e42fa86720c7fabf116084d9f654"

[[package]]
name = "chomper"
version = "0.1.8"
source = "registry+https://github.com/rust-lang/crates.io-index"
checksum = "ca8c58ddf4315c46f99725ec5a32ad6a4ad8a1adcd279d2ec228e1313a7b7085"

[[package]]
name = "chorus"
version = "0.1.0"
dependencies = [
 "bovidae",
 "lexify",
]

[[package]]
name = "lexify"
version = "0.1.5"
source = "registry+https://github.com/rust-lang/crates.io-index"
checksum = "c620c47ebf667a30b5719b927f5c5f7becc42fdffb96db66c2272b9ce19b36cd"
dependencies = [
 "chomper",
]
