# This file is automatically @generated by Cargo.
# It is not intended for manual editing.
version = 3

[[package]]
name = "bovidae"
version = "0.2.3"
source = "registry+https://github.com/rust-lang/crates.io-index"
checksum = "e1748a32ba3923568f17ac2ed3b72751c8a4e42fa86720c7fabf116084d9f654"

[[package]]
name = "chomper"
version = "0.1.8"
source = "registry+https://github.com/rust-lang/crates.io-index"
checksum = "ca8c58ddf4315c46f99725ec5a32ad6a4ad8a1adcd279d2ec228e1313a7b7085"

[[package]]
name = "chorus"
version = "0.1.0"
dependencies = [
 "bovidae",
 "fnv",
 "itertools",
 "lexify",
]

[[package]]
name = "either"
version = "1.8.1"
source = "registry+https://github.com/rust-lang/crates.io-index"
checksum = "7fcaabb2fef8c910e7f4c7ce9f67a1283a1715879a7c230ca9d6d1ae31f16d91"

[[package]]
name = "fnv"
version = "1.0.7"
source = "registry+https://github.com/rust-lang/crates.io-index"
checksum = "3f9eec918d3f24069decb9af1554cad7c880e2da24a9afd88aca000531ab82c1"

[[package]]
name = "itertools"
version = "0.9.0"
source = "registry+https://github.com/rust-lang/crates.io-index"
checksum = "284f18f85651fe11e8a991b2adb42cb078325c996ed026d994719efcfca1d54b"
dependencies = [
 "either",
]

[[package]]
name = "lexify"
version = "0.1.6"
source = "registry+https://github.com/rust-lang/crates.io-index"
checksum = "3c1de1fa2e87c208f7684afe6cc38bf1fc6e9738afd1b318e51f3726f064d6a2"
dependencies = [
 "chomper",
]
